// !$*UTF8*$!
{
	archiveVersion = 1;
	classes = {
	};
	objectVersion = 51;
	objects = {

/* Begin PBXBuildFile section */
		96A7D8DB004E6F44145CC6CF /* Pods_MyPlan.framework in Frameworks */ = {isa = PBXBuildFile; fileRef = F809E195E58DA1CE6AA9E3EC /* Pods_MyPlan.framework */; };
		C716E28C264EF64500A562B7 /* YearListView.swift in Sources */ = {isa = PBXBuildFile; fileRef = C716E28B264EF64500A562B7 /* YearListView.swift */; };
		C74A011E26075AE0009950CA /* LoginView.swift in Sources */ = {isa = PBXBuildFile; fileRef = C74A011D26075AE0009950CA /* LoginView.swift */; };
		C799FE88266115A20068B0D2 /* SurveyView.swift in Sources */ = {isa = PBXBuildFile; fileRef = C799FE87266115A20068B0D2 /* SurveyView.swift */; };
		C799FE8B266116330068B0D2 /* PageViewController.swift in Sources */ = {isa = PBXBuildFile; fileRef = C799FE8A266116330068B0D2 /* PageViewController.swift */; };
		C799FE8D266118480068B0D2 /* SurveyPageView.swift in Sources */ = {isa = PBXBuildFile; fileRef = C799FE8C266118480068B0D2 /* SurveyPageView.swift */; };
		C7B7267326582F1400D21933 /* testAnchor.json in Resources */ = {isa = PBXBuildFile; fileRef = C7B7267226582F1400D21933 /* testAnchor.json */; };
		C7B726752658E35C00D21933 /* TestAnchorView.swift in Sources */ = {isa = PBXBuildFile; fileRef = C7B726742658E35C00D21933 /* TestAnchorView.swift */; };
		C7DCF38626357D0700551D4D /* ServerURL.swift in Sources */ = {isa = PBXBuildFile; fileRef = C7DCF38526357D0700551D4D /* ServerURL.swift */; };
		C7DCF38A26357DBB00551D4D /* ResultView.swift in Sources */ = {isa = PBXBuildFile; fileRef = C7DCF38926357DBB00551D4D /* ResultView.swift */; };
		C7DCF38E2635821600551D4D /* UserInfo.swift in Sources */ = {isa = PBXBuildFile; fileRef = C7DCF38D2635821600551D4D /* UserInfo.swift */; };
		C7E264E0265CD07A00B51140 /* TestAnchorJSON.swift in Sources */ = {isa = PBXBuildFile; fileRef = C7E264DF265CD07A00B51140 /* TestAnchorJSON.swift */; };
		C7F3FFA32607482800A63326 /* MyPlanApp.swift in Sources */ = {isa = PBXBuildFile; fileRef = C7F3FFA22607482800A63326 /* MyPlanApp.swift */; };
		C7F3FFA52607482800A63326 /* ContentView.swift in Sources */ = {isa = PBXBuildFile; fileRef = C7F3FFA42607482800A63326 /* ContentView.swift */; };
		C7F3FFA72607482900A63326 /* Assets.xcassets in Resources */ = {isa = PBXBuildFile; fileRef = C7F3FFA62607482900A63326 /* Assets.xcassets */; };
		C7F3FFAA2607482900A63326 /* Preview Assets.xcassets in Resources */ = {isa = PBXBuildFile; fileRef = C7F3FFA92607482900A63326 /* Preview Assets.xcassets */; };
/* End PBXBuildFile section */

/* Begin PBXFileReference section */
		028A1B0C52987C31061EBF44 /* Pods-MyPlan.release.xcconfig */ = {isa = PBXFileReference; includeInIndex = 1; lastKnownFileType = text.xcconfig; name = "Pods-MyPlan.release.xcconfig"; path = "Target Support Files/Pods-MyPlan/Pods-MyPlan.release.xcconfig"; sourceTree = "<group>"; };
		7D7E2E3C2047404343E5607A /* Pods-MyPlan.debug.xcconfig */ = {isa = PBXFileReference; includeInIndex = 1; lastKnownFileType = text.xcconfig; name = "Pods-MyPlan.debug.xcconfig"; path = "Target Support Files/Pods-MyPlan/Pods-MyPlan.debug.xcconfig"; sourceTree = "<group>"; };
		C716E28B264EF64500A562B7 /* YearListView.swift */ = {isa = PBXFileReference; lastKnownFileType = sourcecode.swift; path = YearListView.swift; sourceTree = "<group>"; };
		C74A011D26075AE0009950CA /* LoginView.swift */ = {isa = PBXFileReference; lastKnownFileType = sourcecode.swift; path = LoginView.swift; sourceTree = "<group>"; };
		C799FE87266115A20068B0D2 /* SurveyView.swift */ = {isa = PBXFileReference; lastKnownFileType = sourcecode.swift; path = SurveyView.swift; sourceTree = "<group>"; };
		C799FE8A266116330068B0D2 /* PageViewController.swift */ = {isa = PBXFileReference; lastKnownFileType = sourcecode.swift; path = PageViewController.swift; sourceTree = "<group>"; };
		C799FE8C266118480068B0D2 /* SurveyPageView.swift */ = {isa = PBXFileReference; lastKnownFileType = sourcecode.swift; path = SurveyPageView.swift; sourceTree = "<group>"; };
		C7B7267226582F1400D21933 /* testAnchor.json */ = {isa = PBXFileReference; lastKnownFileType = text.json; path = testAnchor.json; sourceTree = "<group>"; };
		C7B726742658E35C00D21933 /* TestAnchorView.swift */ = {isa = PBXFileReference; lastKnownFileType = sourcecode.swift; path = TestAnchorView.swift; sourceTree = "<group>"; };
		C7DCF38526357D0700551D4D /* ServerURL.swift */ = {isa = PBXFileReference; fileEncoding = 4; lastKnownFileType = sourcecode.swift; path = ServerURL.swift; sourceTree = "<group>"; };
		C7DCF38926357DBB00551D4D /* ResultView.swift */ = {isa = PBXFileReference; lastKnownFileType = sourcecode.swift; path = ResultView.swift; sourceTree = "<group>"; };
		C7DCF38D2635821600551D4D /* UserInfo.swift */ = {isa = PBXFileReference; lastKnownFileType = sourcecode.swift; path = UserInfo.swift; sourceTree = "<group>"; };
		C7E264DF265CD07A00B51140 /* TestAnchorJSON.swift */ = {isa = PBXFileReference; lastKnownFileType = sourcecode.swift; path = TestAnchorJSON.swift; sourceTree = "<group>"; };
		C7F3FF9F2607482800A63326 /* MyPlan.app */ = {isa = PBXFileReference; explicitFileType = wrapper.application; includeInIndex = 0; path = MyPlan.app; sourceTree = BUILT_PRODUCTS_DIR; };
		C7F3FFA22607482800A63326 /* MyPlanApp.swift */ = {isa = PBXFileReference; lastKnownFileType = sourcecode.swift; path = MyPlanApp.swift; sourceTree = "<group>"; };
		C7F3FFA42607482800A63326 /* ContentView.swift */ = {isa = PBXFileReference; lastKnownFileType = sourcecode.swift; path = ContentView.swift; sourceTree = "<group>"; };
		C7F3FFA62607482900A63326 /* Assets.xcassets */ = {isa = PBXFileReference; lastKnownFileType = folder.assetcatalog; path = Assets.xcassets; sourceTree = "<group>"; };
		C7F3FFA92607482900A63326 /* Preview Assets.xcassets */ = {isa = PBXFileReference; lastKnownFileType = folder.assetcatalog; path = "Preview Assets.xcassets"; sourceTree = "<group>"; };
		C7F3FFAB2607482900A63326 /* Info.plist */ = {isa = PBXFileReference; lastKnownFileType = text.plist.xml; path = Info.plist; sourceTree = "<group>"; };
		F809E195E58DA1CE6AA9E3EC /* Pods_MyPlan.framework */ = {isa = PBXFileReference; explicitFileType = wrapper.framework; includeInIndex = 0; path = Pods_MyPlan.framework; sourceTree = BUILT_PRODUCTS_DIR; };
/* End PBXFileReference section */

/* Begin PBXFrameworksBuildPhase section */
		C7F3FF9C2607482800A63326 /* Frameworks */ = {
			isa = PBXFrameworksBuildPhase;
			buildActionMask = 2147483647;
			files = (
				96A7D8DB004E6F44145CC6CF /* Pods_MyPlan.framework in Frameworks */,
			);
			runOnlyForDeploymentPostprocessing = 0;
		};
/* End PBXFrameworksBuildPhase section */

/* Begin PBXGroup section */
		26CE1ED2EA939D3532204E15 /* Pods */ = {
			isa = PBXGroup;
			children = (
				7D7E2E3C2047404343E5607A /* Pods-MyPlan.debug.xcconfig */,
				028A1B0C52987C31061EBF44 /* Pods-MyPlan.release.xcconfig */,
			);
			path = Pods;
			sourceTree = "<group>";
		};
		A155D49207E88A61C75440B0 /* Frameworks */ = {
			isa = PBXGroup;
			children = (
				F809E195E58DA1CE6AA9E3EC /* Pods_MyPlan.framework */,
			);
			name = Frameworks;
			sourceTree = "<group>";
		};
		C799FE862661158A0068B0D2 /* Result */ = {
			isa = PBXGroup;
			children = (
				C7DCF38926357DBB00551D4D /* ResultView.swift */,
				C716E28B264EF64500A562B7 /* YearListView.swift */,
				C7B726742658E35C00D21933 /* TestAnchorView.swift */,
			);
			path = Result;
			sourceTree = "<group>";
		};
		C799FE892661160E0068B0D2 /* Survey */ = {
			isa = PBXGroup;
			children = (
				C799FE8A266116330068B0D2 /* PageViewController.swift */,
				C799FE87266115A20068B0D2 /* SurveyView.swift */,
				C799FE8C266118480068B0D2 /* SurveyPageView.swift */,
			);
			path = Survey;
			sourceTree = "<group>";
		};
		C7F3FF962607482800A63326 = {
			isa = PBXGroup;
			children = (
				C7F3FFA12607482800A63326 /* MyPlan */,
				C7F3FFA02607482800A63326 /* Products */,
				26CE1ED2EA939D3532204E15 /* Pods */,
				A155D49207E88A61C75440B0 /* Frameworks */,
			);
			sourceTree = "<group>";
		};
		C7F3FFA02607482800A63326 /* Products */ = {
			isa = PBXGroup;
			children = (
				C7F3FF9F2607482800A63326 /* MyPlan.app */,
			);
			name = Products;
			sourceTree = "<group>";
		};
		C7F3FFA12607482800A63326 /* MyPlan */ = {
			isa = PBXGroup;
			children = (
				C7DCF38526357D0700551D4D /* ServerURL.swift */,
				C7F3FFB22607492600A63326 /* Views */,
				C7DCF38D2635821600551D4D /* UserInfo.swift */,
				C7F3FFA22607482800A63326 /* MyPlanApp.swift */,
				C7E264DF265CD07A00B51140 /* TestAnchorJSON.swift */,
				C7F3FFA62607482900A63326 /* Assets.xcassets */,
				C7F3FFAB2607482900A63326 /* Info.plist */,
				C7F3FFA82607482900A63326 /* Preview Content */,
				C7B7267226582F1400D21933 /* testAnchor.json */,
			);
			path = MyPlan;
			sourceTree = "<group>";
		};
		C7F3FFA82607482900A63326 /* Preview Content */ = {
			isa = PBXGroup;
			children = (
				C7F3FFA92607482900A63326 /* Preview Assets.xcassets */,
			);
			path = "Preview Content";
			sourceTree = "<group>";
		};
		C7F3FFB22607492600A63326 /* Views */ = {
			isa = PBXGroup;
			children = (
				C7F3FFA42607482800A63326 /* ContentView.swift */,
				C74A011D26075AE0009950CA /* LoginView.swift */,
				C799FE862661158A0068B0D2 /* Result */,
				C799FE892661160E0068B0D2 /* Survey */,
			);
			path = Views;
			sourceTree = "<group>";
		};
/* End PBXGroup section */

/* Begin PBXNativeTarget section */
		C7F3FF9E2607482800A63326 /* MyPlan */ = {
			isa = PBXNativeTarget;
			buildConfigurationList = C7F3FFAE2607482900A63326 /* Build configuration list for PBXNativeTarget "MyPlan" */;
			buildPhases = (
				F1D82B2A88089D84C7DFCE76 /* [CP] Check Pods Manifest.lock */,
				C7F3FF9B2607482800A63326 /* Sources */,
				C7F3FF9C2607482800A63326 /* Frameworks */,
				C7F3FF9D2607482800A63326 /* Resources */,
				2D7808528B8D87FD78F6FC3F /* [CP] Embed Pods Frameworks */,
			);
			buildRules = (
			);
			dependencies = (
			);
			name = MyPlan;
			productName = MyPlan;
			productReference = C7F3FF9F2607482800A63326 /* MyPlan.app */;
			productType = "com.apple.product-type.application";
		};
/* End PBXNativeTarget section */

/* Begin PBXProject section */
		C7F3FF972607482800A63326 /* Project object */ = {
			isa = PBXProject;
			attributes = {
				LastSwiftUpdateCheck = 1240;
				LastUpgradeCheck = 1240;
				TargetAttributes = {
					C7F3FF9E2607482800A63326 = {
						CreatedOnToolsVersion = 12.4;
					};
				};
			};
			buildConfigurationList = C7F3FF9A2607482800A63326 /* Build configuration list for PBXProject "MyPlan" */;
			compatibilityVersion = "Xcode 9.3";
			developmentRegion = en;
			hasScannedForEncodings = 0;
			knownRegions = (
				en,
				ru,
				Base,
			);
			mainGroup = C7F3FF962607482800A63326;
			productRefGroup = C7F3FFA02607482800A63326 /* Products */;
			projectDirPath = "";
			projectRoot = "";
			targets = (
				C7F3FF9E2607482800A63326 /* MyPlan */,
			);
		};
/* End PBXProject section */

/* Begin PBXResourcesBuildPhase section */
		C7F3FF9D2607482800A63326 /* Resources */ = {
			isa = PBXResourcesBuildPhase;
			buildActionMask = 2147483647;
			files = (
				C7B7267326582F1400D21933 /* testAnchor.json in Resources */,
				C7F3FFAA2607482900A63326 /* Preview Assets.xcassets in Resources */,
				C7F3FFA72607482900A63326 /* Assets.xcassets in Resources */,
			);
			runOnlyForDeploymentPostprocessing = 0;
		};
/* End PBXResourcesBuildPhase section */

/* Begin PBXShellScriptBuildPhase section */
		2D7808528B8D87FD78F6FC3F /* [CP] Embed Pods Frameworks */ = {
			isa = PBXShellScriptBuildPhase;
			buildActionMask = 2147483647;
			files = (
			);
			inputFileListPaths = (
				"${PODS_ROOT}/Target Support Files/Pods-MyPlan/Pods-MyPlan-frameworks-${CONFIGURATION}-input-files.xcfilelist",
			);
			name = "[CP] Embed Pods Frameworks";
			outputFileListPaths = (
				"${PODS_ROOT}/Target Support Files/Pods-MyPlan/Pods-MyPlan-frameworks-${CONFIGURATION}-output-files.xcfilelist",
			);
			runOnlyForDeploymentPostprocessing = 0;
			shellPath = /bin/sh;
			shellScript = "\"${PODS_ROOT}/Target Support Files/Pods-MyPlan/Pods-MyPlan-frameworks.sh\"\n";
			showEnvVarsInLog = 0;
		};
		F1D82B2A88089D84C7DFCE76 /* [CP] Check Pods Manifest.lock */ = {
			isa = PBXShellScriptBuildPhase;
			buildActionMask = 2147483647;
			files = (
			);
			inputFileListPaths = (
			);
			inputPaths = (
				"${PODS_PODFILE_DIR_PATH}/Podfile.lock",
				"${PODS_ROOT}/Manifest.lock",
			);
			name = "[CP] Check Pods Manifest.lock";
			outputFileListPaths = (
			);
			outputPaths = (
				"$(DERIVED_FILE_DIR)/Pods-MyPlan-checkManifestLockResult.txt",
			);
			runOnlyForDeploymentPostprocessing = 0;
			shellPath = /bin/sh;
			shellScript = "diff \"${PODS_PODFILE_DIR_PATH}/Podfile.lock\" \"${PODS_ROOT}/Manifest.lock\" > /dev/null\nif [ $? != 0 ] ; then\n    # print error to STDERR\n    echo \"error: The sandbox is not in sync with the Podfile.lock. Run 'pod install' or update your CocoaPods installation.\" >&2\n    exit 1\nfi\n# This output is used by Xcode 'outputs' to avoid re-running this script phase.\necho \"SUCCESS\" > \"${SCRIPT_OUTPUT_FILE_0}\"\n";
			showEnvVarsInLog = 0;
		};
/* End PBXShellScriptBuildPhase section */

/* Begin PBXSourcesBuildPhase section */
		C7F3FF9B2607482800A63326 /* Sources */ = {
			isa = PBXSourcesBuildPhase;
			buildActionMask = 2147483647;
			files = (
				C7DCF38626357D0700551D4D /* ServerURL.swift in Sources */,
				C799FE8D266118480068B0D2 /* SurveyPageView.swift in Sources */,
				C74A011E26075AE0009950CA /* LoginView.swift in Sources */,
				C799FE8B266116330068B0D2 /* PageViewController.swift in Sources */,
				C7F3FFA52607482800A63326 /* ContentView.swift in Sources */,
				C7DCF38A26357DBB00551D4D /* ResultView.swift in Sources */,
				C716E28C264EF64500A562B7 /* YearListView.swift in Sources */,
				C7B726752658E35C00D21933 /* TestAnchorView.swift in Sources */,
				C7DCF38E2635821600551D4D /* UserInfo.swift in Sources */,
				C7E264E0265CD07A00B51140 /* TestAnchorJSON.swift in Sources */,
				C799FE88266115A20068B0D2 /* SurveyView.swift in Sources */,
				C7F3FFA32607482800A63326 /* MyPlanApp.swift in Sources */,
			);
			runOnlyForDeploymentPostprocessing = 0;
		};
/* End PBXSourcesBuildPhase section */

/* Begin XCBuildConfiguration section */
		C7F3FFAC2607482900A63326 /* Debug */ = {
			isa = XCBuildConfiguration;
			buildSettings = {
				ALWAYS_SEARCH_USER_PATHS = NO;
				CLANG_ANALYZER_NONNULL = YES;
				CLANG_ANALYZER_NUMBER_OBJECT_CONVERSION = YES_AGGRESSIVE;
				CLANG_CXX_LANGUAGE_STANDARD = "gnu++14";
				CLANG_CXX_LIBRARY = "libc++";
				CLANG_ENABLE_MODULES = YES;
				CLANG_ENABLE_OBJC_ARC = YES;
				CLANG_ENABLE_OBJC_WEAK = YES;
				CLANG_WARN_BLOCK_CAPTURE_AUTORELEASING = YES;
				CLANG_WARN_BOOL_CONVERSION = YES;
				CLANG_WARN_COMMA = YES;
				CLANG_WARN_CONSTANT_CONVERSION = YES;
				CLANG_WARN_DEPRECATED_OBJC_IMPLEMENTATIONS = YES;
				CLANG_WARN_DIRECT_OBJC_ISA_USAGE = YES_ERROR;
				CLANG_WARN_DOCUMENTATION_COMMENTS = YES;
				CLANG_WARN_EMPTY_BODY = YES;
				CLANG_WARN_ENUM_CONVERSION = YES;
				CLANG_WARN_INFINITE_RECURSION = YES;
				CLANG_WARN_INT_CONVERSION = YES;
				CLANG_WARN_NON_LITERAL_NULL_CONVERSION = YES;
				CLANG_WARN_OBJC_IMPLICIT_RETAIN_SELF = YES;
				CLANG_WARN_OBJC_LITERAL_CONVERSION = YES;
				CLANG_WARN_OBJC_ROOT_CLASS = YES_ERROR;
				CLANG_WARN_QUOTED_INCLUDE_IN_FRAMEWORK_HEADER = YES;
				CLANG_WARN_RANGE_LOOP_ANALYSIS = YES;
				CLANG_WARN_STRICT_PROTOTYPES = YES;
				CLANG_WARN_SUSPICIOUS_MOVE = YES;
				CLANG_WARN_UNGUARDED_AVAILABILITY = YES_AGGRESSIVE;
				CLANG_WARN_UNREACHABLE_CODE = YES;
				CLANG_WARN__DUPLICATE_METHOD_MATCH = YES;
				COPY_PHASE_STRIP = NO;
				DEBUG_INFORMATION_FORMAT = dwarf;
				ENABLE_STRICT_OBJC_MSGSEND = YES;
				ENABLE_TESTABILITY = YES;
				GCC_C_LANGUAGE_STANDARD = gnu11;
				GCC_DYNAMIC_NO_PIC = NO;
				GCC_NO_COMMON_BLOCKS = YES;
				GCC_OPTIMIZATION_LEVEL = 0;
				GCC_PREPROCESSOR_DEFINITIONS = (
					"DEBUG=1",
					"$(inherited)",
				);
				GCC_WARN_64_TO_32_BIT_CONVERSION = YES;
				GCC_WARN_ABOUT_RETURN_TYPE = YES_ERROR;
				GCC_WARN_UNDECLARED_SELECTOR = YES;
				GCC_WARN_UNINITIALIZED_AUTOS = YES_AGGRESSIVE;
				GCC_WARN_UNUSED_FUNCTION = YES;
				GCC_WARN_UNUSED_VARIABLE = YES;
				IPHONEOS_DEPLOYMENT_TARGET = 14.1;
				MTL_ENABLE_DEBUG_INFO = INCLUDE_SOURCE;
				MTL_FAST_MATH = YES;
				ONLY_ACTIVE_ARCH = YES;
				SDKROOT = iphoneos;
				SWIFT_ACTIVE_COMPILATION_CONDITIONS = DEBUG;
				SWIFT_OPTIMIZATION_LEVEL = "-Onone";
			};
			name = Debug;
		};
		C7F3FFAD2607482900A63326 /* Release */ = {
			isa = XCBuildConfiguration;
			buildSettings = {
				ALWAYS_SEARCH_USER_PATHS = NO;
				CLANG_ANALYZER_NONNULL = YES;
				CLANG_ANALYZER_NUMBER_OBJECT_CONVERSION = YES_AGGRESSIVE;
				CLANG_CXX_LANGUAGE_STANDARD = "gnu++14";
				CLANG_CXX_LIBRARY = "libc++";
				CLANG_ENABLE_MODULES = YES;
				CLANG_ENABLE_OBJC_ARC = YES;
				CLANG_ENABLE_OBJC_WEAK = YES;
				CLANG_WARN_BLOCK_CAPTURE_AUTORELEASING = YES;
				CLANG_WARN_BOOL_CONVERSION = YES;
				CLANG_WARN_COMMA = YES;
				CLANG_WARN_CONSTANT_CONVERSION = YES;
				CLANG_WARN_DEPRECATED_OBJC_IMPLEMENTATIONS = YES;
				CLANG_WARN_DIRECT_OBJC_ISA_USAGE = YES_ERROR;
				CLANG_WARN_DOCUMENTATION_COMMENTS = YES;
				CLANG_WARN_EMPTY_BODY = YES;
				CLANG_WARN_ENUM_CONVERSION = YES;
				CLANG_WARN_INFINITE_RECURSION = YES;
				CLANG_WARN_INT_CONVERSION = YES;
				CLANG_WARN_NON_LITERAL_NULL_CONVERSION = YES;
				CLANG_WARN_OBJC_IMPLICIT_RETAIN_SELF = YES;
				CLANG_WARN_OBJC_LITERAL_CONVERSION = YES;
				CLANG_WARN_OBJC_ROOT_CLASS = YES_ERROR;
				CLANG_WARN_QUOTED_INCLUDE_IN_FRAMEWORK_HEADER = YES;
				CLANG_WARN_RANGE_LOOP_ANALYSIS = YES;
				CLANG_WARN_STRICT_PROTOTYPES = YES;
				CLANG_WARN_SUSPICIOUS_MOVE = YES;
				CLANG_WARN_UNGUARDED_AVAILABILITY = YES_AGGRESSIVE;
				CLANG_WARN_UNREACHABLE_CODE = YES;
				CLANG_WARN__DUPLICATE_METHOD_MATCH = YES;
				COPY_PHASE_STRIP = NO;
				DEBUG_INFORMATION_FORMAT = "dwarf-with-dsym";
				ENABLE_NS_ASSERTIONS = NO;
				ENABLE_STRICT_OBJC_MSGSEND = YES;
				GCC_C_LANGUAGE_STANDARD = gnu11;
				GCC_NO_COMMON_BLOCKS = YES;
				GCC_WARN_64_TO_32_BIT_CONVERSION = YES;
				GCC_WARN_ABOUT_RETURN_TYPE = YES_ERROR;
				GCC_WARN_UNDECLARED_SELECTOR = YES;
				GCC_WARN_UNINITIALIZED_AUTOS = YES_AGGRESSIVE;
				GCC_WARN_UNUSED_FUNCTION = YES;
				GCC_WARN_UNUSED_VARIABLE = YES;
				IPHONEOS_DEPLOYMENT_TARGET = 14.1;
				MTL_ENABLE_DEBUG_INFO = NO;
				MTL_FAST_MATH = YES;
				SDKROOT = iphoneos;
				SWIFT_COMPILATION_MODE = wholemodule;
				SWIFT_OPTIMIZATION_LEVEL = "-O";
				VALIDATE_PRODUCT = YES;
			};
			name = Release;
		};
		C7F3FFAF2607482900A63326 /* Debug */ = {
			isa = XCBuildConfiguration;
			baseConfigurationReference = 7D7E2E3C2047404343E5607A /* Pods-MyPlan.debug.xcconfig */;
			buildSettings = {
				ASSETCATALOG_COMPILER_APPICON_NAME = AppIcon;
				ASSETCATALOG_COMPILER_GLOBAL_ACCENT_COLOR_NAME = AccentColor;
				CODE_SIGN_STYLE = Automatic;
				CURRENT_PROJECT_VERSION = 2;
				DEVELOPMENT_ASSET_PATHS = "\"MyPlan/Preview Content\"";
				DEVELOPMENT_TEAM = XV385A5Y4L;
				ENABLE_PREVIEWS = YES;
				INFOPLIST_FILE = MyPlan/Info.plist;
				IPHONEOS_DEPLOYMENT_TARGET = 14.0;
				LD_RUNPATH_SEARCH_PATHS = (
					"$(inherited)",
					"@executable_path/Frameworks",
				);
				MARKETING_VERSION = 1.0;
				PRODUCT_BUNDLE_IDENTIFIER = ru.basharslanaliev.MyChecklist;
				PRODUCT_NAME = "$(TARGET_NAME)";
				SWIFT_VERSION = 5.0;
				TARGETED_DEVICE_FAMILY = 1;
			};
			name = Debug;
		};
		C7F3FFB02607482900A63326 /* Release */ = {
			isa = XCBuildConfiguration;
			baseConfigurationReference = 028A1B0C52987C31061EBF44 /* Pods-MyPlan.release.xcconfig */;
			buildSettings = {
				ASSETCATALOG_COMPILER_APPICON_NAME = AppIcon;
				ASSETCATALOG_COMPILER_GLOBAL_ACCENT_COLOR_NAME = AccentColor;
				CODE_SIGN_STYLE = Automatic;
				CURRENT_PROJECT_VERSION = 2;
				DEVELOPMENT_ASSET_PATHS = "\"MyPlan/Preview Content\"";
				DEVELOPMENT_TEAM = XV385A5Y4L;
				ENABLE_PREVIEWS = YES;
				INFOPLIST_FILE = MyPlan/Info.plist;
				IPHONEOS_DEPLOYMENT_TARGET = 14.0;
				LD_RUNPATH_SEARCH_PATHS = (
					"$(inherited)",
					"@executable_path/Frameworks",
				);
				MARKETING_VERSION = 1.0;
				PRODUCT_BUNDLE_IDENTIFIER = ru.basharslanaliev.MyChecklist;
				PRODUCT_NAME = "$(TARGET_NAME)";
				SWIFT_VERSION = 5.0;
				TARGETED_DEVICE_FAMILY = 1;
			};
			name = Release;
		};
/* End XCBuildConfiguration section */

/* Begin XCConfigurationList section */
		C7F3FF9A2607482800A63326 /* Build configuration list for PBXProject "MyPlan" */ = {
			isa = XCConfigurationList;
			buildConfigurations = (
				C7F3FFAC2607482900A63326 /* Debug */,
				C7F3FFAD2607482900A63326 /* Release */,
			);
			defaultConfigurationIsVisible = 0;
			defaultConfigurationName = Release;
		};
		C7F3FFAE2607482900A63326 /* Build configuration list for PBXNativeTarget "MyPlan" */ = {
			isa = XCConfigurationList;
			buildConfigurations = (
				C7F3FFAF2607482900A63326 /* Debug */,
				C7F3FFB02607482900A63326 /* Release */,
			);
			defaultConfigurationIsVisible = 0;
			defaultConfigurationName = Release;
		};
/* End XCConfigurationList section */
	};
	rootObject = C7F3FF972607482800A63326 /* Project object */;
}
